<?xml version="1.0" encoding="utf-8"?>
<Project ToolsVersion="17.0" xmlns="http://schemas.microsoft.com/developer/msbuild/2003">
  <ItemGroup>
    <ClCompile Include="F:\project advanced\Condottiere-\build-linux\CMakeFiles\3.22.1\CompilerIdCXX\CMakeCXXCompilerId.cpp">
      <Filter>Source Files</Filter>
    </ClCompile>
    <ClCompile Include="F:\project advanced\Condottiere-\build-windows\CMakeFiles\3.30.0-rc1\CompilerIdCXX\CMakeCXXCompilerId.cpp">
      <Filter>Source Files</Filter>
    </ClCompile>
    <ClCompile Include="F:\project advanced\Condottiere-\main.cpp">
      <Filter>Source Files</Filter>
    </ClCompile>
    <ClCompile Include="F:\project advanced\Condottiere-\src\card.cpp">
      <Filter>Source Files</Filter>
    </ClCompile>
    <ClCompile Include="F:\project advanced\Condottiere-\src\cards\bishop.cpp">
      <Filter>Source Files</Filter>
    </ClCompile>
    <ClCompile Include="F:\project advanced\Condottiere-\src\cards\drummer.cpp">
      <Filter>Source Files</Filter>
    </ClCompile>
    <ClCompile Include="F:\project advanced\Condottiere-\src\cards\heroine.cpp">
      <Filter>Source Files</Filter>
    </ClCompile>
    <ClCompile Include="F:\project advanced\Condottiere-\src\cards\purplecard.cpp">
      <Filter>Source Files</Filter>
    </ClCompile>
    <ClCompile Include="F:\project advanced\Condottiere-\src\cards\scarecrow.cpp">
      <Filter>Source Files</Filter>
    </ClCompile>
    <ClCompile Include="F:\project advanced\Condottiere-\src\cards\season.cpp">
      <Filter>Source Files</Filter>
    </ClCompile>
    <ClCompile Include="F:\project advanced\Condottiere-\src\cards\spring.cpp">
      <Filter>Source Files</Filter>
    </ClCompile>
    <ClCompile Include="F:\project advanced\Condottiere-\src\cards\spy.cpp">
      <Filter>Source Files</Filter>
    </ClCompile>
    <ClCompile Include="F:\project advanced\Condottiere-\src\cards\turncoat.cpp">
      <Filter>Source Files</Filter>
    </ClCompile>
    <ClCompile Include="F:\project advanced\Condottiere-\src\cards\winter.cpp">
      <Filter>Source Files</Filter>
    </ClCompile>
    <ClCompile Include="F:\project advanced\Condottiere-\src\cards\yellowcard.cpp">
      <Filter>Source Files</Filter>
    </ClCompile>
    <ClCompile Include="F:\project advanced\Condottiere-\src\game.cpp">
      <Filter>Source Files</Filter>
    </ClCompile>
    <ClCompile Include="F:\project advanced\Condottiere-\src\gameBoard.cpp">
      <Filter>Source Files</Filter>
    </ClCompile>
    <ClCompile Include="F:\project advanced\Condottiere-\src\marker\BattleMarker.cpp">
      <Filter>Source Files</Filter>
    </ClCompile>
    <ClCompile Include="F:\project advanced\Condottiere-\src\marker\FavorMarker.cpp">
      <Filter>Source Files</Filter>
    </ClCompile>
    <ClCompile Include="F:\project advanced\Condottiere-\src\marker\Marker.cpp">
      <Filter>Source Files</Filter>
    </ClCompile>
    <ClCompile Include="F:\project advanced\Condottiere-\src\marker\PlayerMarker.cpp">
      <Filter>Source Files</Filter>
    </ClCompile>
    <ClCompile Include="F:\project advanced\Condottiere-\src\player.cpp">
      <Filter>Source Files</Filter>
    </ClCompile>
    <ClCompile Include="F:\project advanced\Condottiere-\src\state.cpp">
      <Filter>Source Files</Filter>
    </ClCompile>
    <ClCompile Include="F:\project advanced\Condottiere-\src\userinterface.cpp">
      <Filter>Source Files</Filter>
    </ClCompile>
  </ItemGroup>
  <ItemGroup>
    <CustomBuild Include="F:\project advanced\Condottiere-\CMakeLists.txt" />
  </ItemGroup>
  <ItemGroup>
    <Filter Include="Source Files">
      <UniqueIdentifier>{868274DD-1E5E-3A1F-9A2F-E55D7A1ABF83}</UniqueIdentifier>
    </Filter>
  </ItemGroup>
</Project>
