<?xml version="1.0" encoding="utf-8"?>
<Project ToolsVersion="17.0" xmlns="http://schemas.microsoft.com/developer/msbuild/2003">
  <ItemGroup>
    <CustomBuild Include="F:\project advanced\Condottiere-\build-windows\CMakeFiles\befa71f01160e93a75500f1f0030b463\generate.stamp.rule">
      <Filter>CMake Rules</Filter>
    </CustomBuild>
  </ItemGroup>
  <ItemGroup>
    <Filter Include="CMake Rules">
      <UniqueIdentifier>{506B8674-32B0-3D05-8EB7-2F3BD29E3713}</UniqueIdentifier>
    </Filter>
  </ItemGroup>
</Project>
